
Microsoft Visual Studio Solution File, Format Version 12.00
# Visual Studio Version 17
VisualStudioVersion = 17.1.31911.260
MinimumVisualStudioVersion = 10.0.40219.1
Project("{9A19103F-16F7-4668-BE54-9A1E7A4F7556}") = "TemplateEngine", "TemplateEngine\TemplateEngine.csproj", "{3BA40ACD-8BD5-4216-9DD8-56A02D795CE9}"
EndProject
Project("{9A19103F-16F7-4668-BE54-9A1E7A4F7556}") = "TemplateEngine.Tests", "TemplateEngine.Tests\TemplateEngine.Tests.csproj", "{812B49ED-3286-45C7-BB51-2CFA24196F83}"
EndProject
Project("{FAE04EC0-301F-11D3-BF4B-00C04F79EFBC}") = "ExampleWebSite", "ExampleWebSite\ExampleWebSite.csproj", "{738D4DF2-52D9-41DF-9A5A-7F98676372E3}"
EndProject
Project("{FAE04EC0-301F-11D3-BF4B-00C04F79EFBC}") = "TemplateEngine.AspNetCore", "TemplateEngine.AspNetCore\TemplateEngine.AspNetCore.csproj", "{ED7A9BC7-D304-4430-8798-46DDCF735DDD}"
EndProject
Global
	GlobalSection(SolutionConfigurationPlatforms) = preSolution
		Debug|Any CPU = Debug|Any CPU
		Release|Any CPU = Release|Any CPU
	EndGlobalSection
	GlobalSection(ProjectConfigurationPlatforms) = postSolution
		{3BA40ACD-8BD5-4216-9DD8-56A02D795CE9}.Debug|Any CPU.ActiveCfg = Debug|Any CPU
		{3BA40ACD-8BD5-4216-9DD8-56A02D795CE9}.Debug|Any CPU.Build.0 = Debug|Any CPU
		{3BA40ACD-8BD5-4216-9DD8-56A02D795CE9}.Release|Any CPU.ActiveCfg = Release|Any CPU
		{3BA40ACD-8BD5-4216-9DD8-56A02D795CE9}.Release|Any CPU.Build.0 = Release|Any CPU
		{812B49ED-3286-45C7-BB51-2CFA24196F83}.Debug|Any CPU.ActiveCfg = Debug|Any CPU
		{812B49ED-3286-45C7-BB51-2CFA24196F83}.Debug|Any CPU.Build.0 = Debug|Any CPU
		{812B49ED-3286-45C7-BB51-2CFA24196F83}.Release|Any CPU.ActiveCfg = Release|Any CPU
		{812B49ED-3286-45C7-BB51-2CFA24196F83}.Release|Any CPU.Build.0 = Release|Any CPU
		{738D4DF2-52D9-41DF-9A5A-7F98676372E3}.Debug|Any CPU.ActiveCfg = Debug|Any CPU
		{738D4DF2-52D9-41DF-9A5A-7F98676372E3}.Debug|Any CPU.Build.0 = Debug|Any CPU
		{738D4DF2-52D9-41DF-9A5A-7F98676372E3}.Release|Any CPU.ActiveCfg = Release|Any CPU
		{738D4DF2-52D9-41DF-9A5A-7F98676372E3}.Release|Any CPU.Build.0 = Release|Any CPU
		{ED7A9BC7-D304-4430-8798-46DDCF735DDD}.Debug|Any CPU.ActiveCfg = Debug|Any CPU
		{ED7A9BC7-D304-4430-8798-46DDCF735DDD}.Debug|Any CPU.Build.0 = Debug|Any CPU
		{ED7A9BC7-D304-4430-8798-46DDCF735DDD}.Release|Any CPU.ActiveCfg = Release|Any CPU
		{ED7A9BC7-D304-4430-8798-46DDCF735DDD}.Release|Any CPU.Build.0 = Release|Any CPU
	EndGlobalSection
	GlobalSection(SolutionProperties) = preSolution
		HideSolutionNode = FALSE
	EndGlobalSection
	GlobalSection(ExtensibilityGlobals) = postSolution
		SolutionGuid = {33814344-EEBA-436A-8D6A-D54E8CE3C980}
	EndGlobalSection
EndGlobal
